# @generated by Move, please check-in and do not edit manually.

[move]
version = 2
manifest_digest = "1534AC53009C894941E7F9DB19C23ECD28C3663C1B00B0F28AB3F49D9A4950FB"
deps_digest = "F8BBB0CCB2491CA29A3DF03D6F92277A4F3574266507ACD77214D37ECA3F3082"
dependencies = [
  { name = "Sui" },
]

[[move.package]]
name = "MoveStdlib"
source = { git = "https://github.com/MystenLabs/sui.git", rev = "framework/testnet", subdir = "crates/sui-framework/packages/move-stdlib" }

[[move.package]]
name = "Sui"
source = { git = "https://github.com/MystenLabs/sui.git", rev = "framework/testnet", subdir = "crates/sui-framework/packages/sui-framework" }

dependencies = [
  { name = "MoveStdlib" },
]

[move.toolchain-version]
compiler-version = "1.24.1"
edition = "2024.beta"
flavor = "sui"

[env]

[env.testnet]
chain-id = "4c78adac"
original-published-id = "0xb9a2b156353b24214af4c7a8563cb4e5705e085979436fa2030135d6f1b91114"
latest-published-id = "0xb9a2b156353b24214af4c7a8563cb4e5705e085979436fa2030135d6f1b91114"
published-version = "1"
