# @generated by Move, please check-in and do not edit manually.

[move]
version = 2
manifest_digest = "D07D0A38C382C927DB22C386B7952CBDB78E18D6A94F8CBA0FB5CC86E5E25E1A"
deps_digest = "3C4103934B1E040BB6B23F1D610B4EF9F2F1166A50A104EADCF77467C004C600"
dependencies = [
  { name = "Kiosk" },
  { name = "Sui" },
]

[[move.package]]
name = "Kiosk"
source = { git = "https://github.com/MystenLabs/apps.git", rev = "testnet", subdir = "kiosk" }

dependencies = [
  { name = "Sui" },
]

[[move.package]]
name = "MoveStdlib"
source = { git = "https://github.com/MystenLabs/sui.git", rev = "041c5f2bae2fe52079e44b70514333532d69f4e6", subdir = "crates/sui-framework/packages/move-stdlib" }

[[move.package]]
name = "Sui"
source = { git = "https://github.com/MystenLabs/sui.git", rev = "041c5f2bae2fe52079e44b70514333532d69f4e6", subdir = "crates/sui-framework/packages/sui-framework" }

dependencies = [
  { name = "MoveStdlib" },
]

[move.toolchain-version]
compiler-version = "1.24.1"
edition = "2024.beta"
flavor = "sui"

[env]

[env.testnet2]
chain-id = "4c78adac"
original-published-id = "0xb162738ffb3fa363ee4e1eb6e19928e2b2a88c23e8090bf5068966347a188a77"
latest-published-id = "0xb162738ffb3fa363ee4e1eb6e19928e2b2a88c23e8090bf5068966347a188a77"
published-version = "1"
