# @generated by Move, please check-in and do not edit manually.

[move]
version = 2
manifest_digest = "68DF5238EB224E729E0435EBBDF99C69FC6D22D9AD3E27B32B39EAD5966D1E24"
deps_digest = "F8BBB0CCB2491CA29A3DF03D6F92277A4F3574266507ACD77214D37ECA3F3082"
dependencies = [
  { name = "Sui" },
]

[[move.package]]
name = "MoveStdlib"
source = { git = "https://github.com/MystenLabs/sui.git", rev = "testnet", subdir = "crates/sui-framework/packages/move-stdlib" }

[[move.package]]
name = "Sui"
source = { git = "https://github.com/MystenLabs/sui.git", rev = "testnet", subdir = "crates/sui-framework/packages/sui-framework" }

dependencies = [
  { name = "MoveStdlib" },
]

[move.toolchain-version]
compiler-version = "1.23.0"
edition = "legacy"
flavor = "sui"

[env]

[env.mainnet]
chain-id = "35834a8a"
original-published-id = "0xf87af7d7013ff689451568955593f741fa0477935082510929e16426168177cb"
latest-published-id = "0xf87af7d7013ff689451568955593f741fa0477935082510929e16426168177cb"
published-version = "1"
