# @generated by Move, please check-in and do not edit manually.

[move]
version = 2
manifest_digest = "E498F8190C1955113BCCB4E23C9205C279ACC1F11278D296FF93E1CC765D3278"
deps_digest = "F8BBB0CCB2491CA29A3DF03D6F92277A4F3574266507ACD77214D37ECA3F3082"
dependencies = [
  { name = "Pyth" },
]

[[move.package]]
name = "MoveStdlib"
source = { git = "https://github.com/MystenLabs/sui.git", rev = "041c5f2bae2fe52079e44b70514333532d69f4e6", subdir = "crates/sui-framework/packages/move-stdlib" }

[[move.package]]
name = "Pyth"
source = { git = "https://github.com/pyth-network/pyth-crosschain.git", rev = "sui-contract-testnet", subdir = "target_chains/sui/contracts" }

dependencies = [
  { name = "Sui" },
  { name = "Wormhole" },
]

[[move.package]]
name = "Sui"
source = { git = "https://github.com/MystenLabs/sui.git", rev = "041c5f2bae2fe52079e44b70514333532d69f4e6", subdir = "crates/sui-framework/packages/sui-framework" }

dependencies = [
  { name = "MoveStdlib" },
]

[[move.package]]
name = "Wormhole"
source = { git = "https://github.com/wormhole-foundation/wormhole.git", rev = "sui-upgrade-testnet", subdir = "sui/wormhole" }

dependencies = [
  { name = "Sui" },
]

[move.toolchain-version]
compiler-version = "1.24.1"
edition = "2024.beta"
flavor = "sui"

[env]

[env.testnet2]
chain-id = "4c78adac"
original-published-id = "0xc745d8c42dc2c1db32e9e75872bfa38f3983f8c85a3b3fbd9d7a76fdc9f82091"
latest-published-id = "0xc745d8c42dc2c1db32e9e75872bfa38f3983f8c85a3b3fbd9d7a76fdc9f82091"
published-version = "1"

[env.suim2]
chain-id = "db4b6646"
original-published-id = "0x236027e4e735890dbd4d7915372fa58693e3c5f431f71c4b83a0cbd60df911a5"
latest-published-id = "0xc6b0e8387382fd3294ab3d68f4e689002ce44bc7a2dcd601431359879626ed7e"
published-version = "3"
